
Microsoft Visual Studio Solution File, Format Version 12.00
# Visual Studio Version 16
VisualStudioVersion = 16.0.30104.148
MinimumVisualStudioVersion = 10.0.40219.1
Project("{2150E333-8FDC-42A3-9474-1A3956D46DE8}") = "TaxaJuros", "TaxaJuros", "{2D08AD13-DDDB-4AC7-B69A-F2ACB6E682CD}"
EndProject
Project("{2150E333-8FDC-42A3-9474-1A3956D46DE8}") = "CalculaJuros", "CalculaJuros", "{AB4C94A3-6817-49C3-AA40-87C0C934E13C}"
EndProject
Project("{2150E333-8FDC-42A3-9474-1A3956D46DE8}") = "Application", "Application", "{AAD405E6-5A5B-413A-8ACC-DFF7E51364AA}"
EndProject
Project("{2150E333-8FDC-42A3-9474-1A3956D46DE8}") = "Manager", "Manager", "{BFB2CAD3-9AA2-4B38-8F9C-83B28B6C48D9}"
EndProject
Project("{2150E333-8FDC-42A3-9474-1A3956D46DE8}") = "Provider", "Provider", "{9B1674FA-9A8C-4DB2-8B17-5F69A4F04450}"
EndProject
Project("{2150E333-8FDC-42A3-9474-1A3956D46DE8}") = "Application", "Application", "{F6C611F1-332E-43DF-83FB-94AAEA2B3DF8}"
EndProject
Project("{2150E333-8FDC-42A3-9474-1A3956D46DE8}") = "Manager", "Manager", "{0FB5E492-DC70-4D2D-AE81-57C3F5E5B2B8}"
EndProject
Project("{2150E333-8FDC-42A3-9474-1A3956D46DE8}") = "Provider", "Provider", "{0D56272A-5DB1-4E6D-B064-37C12D820816}"
EndProject
Project("{2150E333-8FDC-42A3-9474-1A3956D46DE8}") = "Test", "Test", "{1D1E3387-0BD8-4D55-9736-7786007CFE5B}"
EndProject
Project("{2150E333-8FDC-42A3-9474-1A3956D46DE8}") = "Test", "Test", "{902A66B9-25CA-47D7-A65B-A713BFF13F4D}"
EndProject
Project("{FAE04EC0-301F-11D3-BF4B-00C04F79EFBC}") = "CalculaJuros.Application", "CalculaJuros.Application\CalculaJuros.Application.csproj", "{B35E17D5-C4F7-47CC-9CEB-618CF6FB01AB}"
EndProject
Project("{FAE04EC0-301F-11D3-BF4B-00C04F79EFBC}") = "CalculaJuros.Manager", "CalculaJuros.Manager\CalculaJuros.Manager.csproj", "{87679DFA-459B-45E9-9A44-A0D409FDD587}"
EndProject
Project("{FAE04EC0-301F-11D3-BF4B-00C04F79EFBC}") = "CalculaJuros.Provider", "CalculaJuros.Provider\CalculaJuros.Provider.csproj", "{403EFBDD-E28E-49F9-B42A-6CA6A40B62AE}"
EndProject
Project("{FAE04EC0-301F-11D3-BF4B-00C04F79EFBC}") = "CalculaJuros.Test", "CalculaJuros.Test\CalculaJuros.Test.csproj", "{201F4287-A191-468A-A8A5-7B3527C49771}"
EndProject
Project("{FAE04EC0-301F-11D3-BF4B-00C04F79EFBC}") = "TaxaJuros.Application", "TaxaJuros.Application\TaxaJuros.Application.csproj", "{28B89E24-D7AD-4BAF-B4F8-035F3DFBCA12}"
EndProject
Project("{FAE04EC0-301F-11D3-BF4B-00C04F79EFBC}") = "TaxaJuros.Manager", "TaxaJuros.Manager\TaxaJuros.Manager.csproj", "{F68C9DAF-FE53-413C-8518-5568CC342C17}"
EndProject
Project("{FAE04EC0-301F-11D3-BF4B-00C04F79EFBC}") = "TaxaJuros.Provider", "TaxaJuros.Provider\TaxaJuros.Provider.csproj", "{F94F517B-01CB-4595-A25C-AB8CC8F1ADDC}"
EndProject
Project("{FAE04EC0-301F-11D3-BF4B-00C04F79EFBC}") = "TaxaJuros.Test", "TaxaJuros.Test\TaxaJuros.Test.csproj", "{A269574F-1704-43BA-B29D-1E48C4E19A2B}"
EndProject
Global
	GlobalSection(SolutionConfigurationPlatforms) = preSolution
		Debug|Any CPU = Debug|Any CPU
		Release|Any CPU = Release|Any CPU
	EndGlobalSection
	GlobalSection(ProjectConfigurationPlatforms) = postSolution
		{B35E17D5-C4F7-47CC-9CEB-618CF6FB01AB}.Debug|Any CPU.ActiveCfg = Debug|Any CPU
		{B35E17D5-C4F7-47CC-9CEB-618CF6FB01AB}.Debug|Any CPU.Build.0 = Debug|Any CPU
		{B35E17D5-C4F7-47CC-9CEB-618CF6FB01AB}.Release|Any CPU.ActiveCfg = Release|Any CPU
		{B35E17D5-C4F7-47CC-9CEB-618CF6FB01AB}.Release|Any CPU.Build.0 = Release|Any CPU
		{87679DFA-459B-45E9-9A44-A0D409FDD587}.Debug|Any CPU.ActiveCfg = Debug|Any CPU
		{87679DFA-459B-45E9-9A44-A0D409FDD587}.Debug|Any CPU.Build.0 = Debug|Any CPU
		{87679DFA-459B-45E9-9A44-A0D409FDD587}.Release|Any CPU.ActiveCfg = Release|Any CPU
		{87679DFA-459B-45E9-9A44-A0D409FDD587}.Release|Any CPU.Build.0 = Release|Any CPU
		{403EFBDD-E28E-49F9-B42A-6CA6A40B62AE}.Debug|Any CPU.ActiveCfg = Debug|Any CPU
		{403EFBDD-E28E-49F9-B42A-6CA6A40B62AE}.Debug|Any CPU.Build.0 = Debug|Any CPU
		{403EFBDD-E28E-49F9-B42A-6CA6A40B62AE}.Release|Any CPU.ActiveCfg = Release|Any CPU
		{403EFBDD-E28E-49F9-B42A-6CA6A40B62AE}.Release|Any CPU.Build.0 = Release|Any CPU
		{201F4287-A191-468A-A8A5-7B3527C49771}.Debug|Any CPU.ActiveCfg = Debug|Any CPU
		{201F4287-A191-468A-A8A5-7B3527C49771}.Debug|Any CPU.Build.0 = Debug|Any CPU
		{201F4287-A191-468A-A8A5-7B3527C49771}.Release|Any CPU.ActiveCfg = Release|Any CPU
		{201F4287-A191-468A-A8A5-7B3527C49771}.Release|Any CPU.Build.0 = Release|Any CPU
		{28B89E24-D7AD-4BAF-B4F8-035F3DFBCA12}.Debug|Any CPU.ActiveCfg = Debug|Any CPU
		{28B89E24-D7AD-4BAF-B4F8-035F3DFBCA12}.Debug|Any CPU.Build.0 = Debug|Any CPU
		{28B89E24-D7AD-4BAF-B4F8-035F3DFBCA12}.Release|Any CPU.ActiveCfg = Release|Any CPU
		{28B89E24-D7AD-4BAF-B4F8-035F3DFBCA12}.Release|Any CPU.Build.0 = Release|Any CPU
		{F68C9DAF-FE53-413C-8518-5568CC342C17}.Debug|Any CPU.ActiveCfg = Debug|Any CPU
		{F68C9DAF-FE53-413C-8518-5568CC342C17}.Debug|Any CPU.Build.0 = Debug|Any CPU
		{F68C9DAF-FE53-413C-8518-5568CC342C17}.Release|Any CPU.ActiveCfg = Release|Any CPU
		{F68C9DAF-FE53-413C-8518-5568CC342C17}.Release|Any CPU.Build.0 = Release|Any CPU
		{F94F517B-01CB-4595-A25C-AB8CC8F1ADDC}.Debug|Any CPU.ActiveCfg = Debug|Any CPU
		{F94F517B-01CB-4595-A25C-AB8CC8F1ADDC}.Debug|Any CPU.Build.0 = Debug|Any CPU
		{F94F517B-01CB-4595-A25C-AB8CC8F1ADDC}.Release|Any CPU.ActiveCfg = Release|Any CPU
		{F94F517B-01CB-4595-A25C-AB8CC8F1ADDC}.Release|Any CPU.Build.0 = Release|Any CPU
		{A269574F-1704-43BA-B29D-1E48C4E19A2B}.Debug|Any CPU.ActiveCfg = Debug|Any CPU
		{A269574F-1704-43BA-B29D-1E48C4E19A2B}.Debug|Any CPU.Build.0 = Debug|Any CPU
		{A269574F-1704-43BA-B29D-1E48C4E19A2B}.Release|Any CPU.ActiveCfg = Release|Any CPU
		{A269574F-1704-43BA-B29D-1E48C4E19A2B}.Release|Any CPU.Build.0 = Release|Any CPU
	EndGlobalSection
	GlobalSection(SolutionProperties) = preSolution
		HideSolutionNode = FALSE
	EndGlobalSection
	GlobalSection(NestedProjects) = preSolution
		{AAD405E6-5A5B-413A-8ACC-DFF7E51364AA} = {AB4C94A3-6817-49C3-AA40-87C0C934E13C}
		{BFB2CAD3-9AA2-4B38-8F9C-83B28B6C48D9} = {AB4C94A3-6817-49C3-AA40-87C0C934E13C}
		{9B1674FA-9A8C-4DB2-8B17-5F69A4F04450} = {AB4C94A3-6817-49C3-AA40-87C0C934E13C}
		{F6C611F1-332E-43DF-83FB-94AAEA2B3DF8} = {2D08AD13-DDDB-4AC7-B69A-F2ACB6E682CD}
		{0FB5E492-DC70-4D2D-AE81-57C3F5E5B2B8} = {2D08AD13-DDDB-4AC7-B69A-F2ACB6E682CD}
		{0D56272A-5DB1-4E6D-B064-37C12D820816} = {2D08AD13-DDDB-4AC7-B69A-F2ACB6E682CD}
		{1D1E3387-0BD8-4D55-9736-7786007CFE5B} = {2D08AD13-DDDB-4AC7-B69A-F2ACB6E682CD}
		{902A66B9-25CA-47D7-A65B-A713BFF13F4D} = {AB4C94A3-6817-49C3-AA40-87C0C934E13C}
		{B35E17D5-C4F7-47CC-9CEB-618CF6FB01AB} = {AAD405E6-5A5B-413A-8ACC-DFF7E51364AA}
		{87679DFA-459B-45E9-9A44-A0D409FDD587} = {BFB2CAD3-9AA2-4B38-8F9C-83B28B6C48D9}
		{403EFBDD-E28E-49F9-B42A-6CA6A40B62AE} = {9B1674FA-9A8C-4DB2-8B17-5F69A4F04450}
		{201F4287-A191-468A-A8A5-7B3527C49771} = {902A66B9-25CA-47D7-A65B-A713BFF13F4D}
		{28B89E24-D7AD-4BAF-B4F8-035F3DFBCA12} = {F6C611F1-332E-43DF-83FB-94AAEA2B3DF8}
		{F68C9DAF-FE53-413C-8518-5568CC342C17} = {0FB5E492-DC70-4D2D-AE81-57C3F5E5B2B8}
		{F94F517B-01CB-4595-A25C-AB8CC8F1ADDC} = {0D56272A-5DB1-4E6D-B064-37C12D820816}
		{A269574F-1704-43BA-B29D-1E48C4E19A2B} = {1D1E3387-0BD8-4D55-9736-7786007CFE5B}
	EndGlobalSection
	GlobalSection(ExtensibilityGlobals) = postSolution
		SolutionGuid = {9B119597-5672-41C4-9C83-03BCD3FCC2ED}
	EndGlobalSection
EndGlobal
